
Microsoft Visual Studio Solution File, Format Version 12.00
# Visual Studio Version 16
VisualStudioVersion = 16.0.32002.261
MinimumVisualStudioVersion = 10.0.40219.1
Project("{FAE04EC0-301F-11D3-BF4B-00C04F79EFBC}") = "R10546039YDLINAss01", "R\R10546039YDLINAss01.csproj", "{82A3AA2E-8F45-4005-B240-78A334AC7219}"
EndProject
Project("{FAE04EC0-301F-11D3-BF4B-00C04F79EFBC}") = "FunzzyLibaray", "FunzzyLibaray\FunzzyLibaray.csproj", "{CE5E4301-A064-4D8F-B37E-EC0F1A6E2D31}"
EndProject
Global
	GlobalSection(SolutionConfigurationPlatforms) = preSolution
		Debug|Any CPU = Debug|Any CPU
		Release|Any CPU = Release|Any CPU
	EndGlobalSection
	GlobalSection(ProjectConfigurationPlatforms) = postSolution
		{82A3AA2E-8F45-4005-B240-78A334AC7219}.Debug|Any CPU.ActiveCfg = Debug|Any CPU
		{82A3AA2E-8F45-4005-B240-78A334AC7219}.Debug|Any CPU.Build.0 = Debug|Any CPU
		{82A3AA2E-8F45-4005-B240-78A334AC7219}.Release|Any CPU.ActiveCfg = Release|Any CPU
		{82A3AA2E-8F45-4005-B240-78A334AC7219}.Release|Any CPU.Build.0 = Release|Any CPU
		{CE5E4301-A064-4D8F-B37E-EC0F1A6E2D31}.Debug|Any CPU.ActiveCfg = Debug|Any CPU
		{CE5E4301-A064-4D8F-B37E-EC0F1A6E2D31}.Debug|Any CPU.Build.0 = Debug|Any CPU
		{CE5E4301-A064-4D8F-B37E-EC0F1A6E2D31}.Release|Any CPU.ActiveCfg = Release|Any CPU
		{CE5E4301-A064-4D8F-B37E-EC0F1A6E2D31}.Release|Any CPU.Build.0 = Release|Any CPU
	EndGlobalSection
	GlobalSection(SolutionProperties) = preSolution
		HideSolutionNode = FALSE
	EndGlobalSection
	GlobalSection(ExtensibilityGlobals) = postSolution
		SolutionGuid = {229EFC39-9996-401F-90C4-4FA81627504C}
	EndGlobalSection
EndGlobal
